
Microsoft Visual Studio Solution File, Format Version 12.00
# Visual Studio Version 17
VisualStudioVersion = 17.5.002.0
MinimumVisualStudioVersion = 10.0.40219.1
Project("{9A19103F-16F7-4668-BE54-9A1E7A4F7556}") = "CLI", "idas.csproj", "{F71BC868-EA4D-4F38-8E01-247724244774}"
EndProject
Global
	GlobalSection(SolutionConfigurationPlatforms) = preSolution
		Debug|Any CPU = Debug|Any CPU
		Release|Any CPU = Release|Any CPU
	EndGlobalSection
	GlobalSection(ProjectConfigurationPlatforms) = postSolution
		{F71BC868-EA4D-4F38-8E01-247724244774}.Debug|Any CPU.ActiveCfg = Debug|Any CPU
		{F71BC868-EA4D-4F38-8E01-247724244774}.Debug|Any CPU.Build.0 = Debug|Any CPU
		{F71BC868-EA4D-4F38-8E01-247724244774}.Release|Any CPU.ActiveCfg = Release|Any CPU
		{F71BC868-EA4D-4F38-8E01-247724244774}.Release|Any CPU.Build.0 = Release|Any CPU
	EndGlobalSection
	GlobalSection(SolutionProperties) = preSolution
		HideSolutionNode = FALSE
	EndGlobalSection
	GlobalSection(ExtensibilityGlobals) = postSolution
		SolutionGuid = {F103834B-9EAF-4D17-BEE8-6F28CE8710D9}
	EndGlobalSection
EndGlobal
